
Microsoft Visual Studio Solution File, Format Version 12.00
# Visual Studio 15
VisualStudioVersion = 15.0.28307.902
MinimumVisualStudioVersion = 10.0.40219.1
Project("{FAE04EC0-301F-11D3-BF4B-00C04F79EFBC}") = "RelexationApplication.Android", "RelexationApplication\RelexationApplication.Android\RelexationApplication.Android.csproj", "{4BD6FFE4-1B50-4666-8377-5ACD8DC47C19}"
EndProject
Project("{FAE04EC0-301F-11D3-BF4B-00C04F79EFBC}") = "RelexationApplication.iOS", "RelexationApplication\RelexationApplication.iOS\RelexationApplication.iOS.csproj", "{01D094C0-6680-4377-83DF-2A76DD064A7B}"
EndProject
Project("{FAE04EC0-301F-11D3-BF4B-00C04F79EFBC}") = "RelexationApplication", "RelexationApplication\RelexationApplication\RelexationApplication.csproj", "{479363E2-2C43-44F4-AFF2-BA1F6BB8B68E}"
EndProject
Global
	GlobalSection(SolutionConfigurationPlatforms) = preSolution
		Ad-Hoc|Any CPU = Ad-Hoc|Any CPU
		Ad-Hoc|iPhone = Ad-Hoc|iPhone
		Ad-Hoc|iPhoneSimulator = Ad-Hoc|iPhoneSimulator
		AppStore|Any CPU = AppStore|Any CPU
		AppStore|iPhone = AppStore|iPhone
		AppStore|iPhoneSimulator = AppStore|iPhoneSimulator
		Debug|Any CPU = Debug|Any CPU
		Debug|iPhone = Debug|iPhone
		Debug|iPhoneSimulator = Debug|iPhoneSimulator
		Release|Any CPU = Release|Any CPU
		Release|iPhone = Release|iPhone
		Release|iPhoneSimulator = Release|iPhoneSimulator
	EndGlobalSection
	GlobalSection(ProjectConfigurationPlatforms) = postSolution
		{4BD6FFE4-1B50-4666-8377-5ACD8DC47C19}.Ad-Hoc|Any CPU.ActiveCfg = Release|Any CPU
		{4BD6FFE4-1B50-4666-8377-5ACD8DC47C19}.Ad-Hoc|Any CPU.Build.0 = Release|Any CPU
		{4BD6FFE4-1B50-4666-8377-5ACD8DC47C19}.Ad-Hoc|Any CPU.Deploy.0 = Release|Any CPU
		{4BD6FFE4-1B50-4666-8377-5ACD8DC47C19}.Ad-Hoc|iPhone.ActiveCfg = Release|Any CPU
		{4BD6FFE4-1B50-4666-8377-5ACD8DC47C19}.Ad-Hoc|iPhone.Build.0 = Release|Any CPU
		{4BD6FFE4-1B50-4666-8377-5ACD8DC47C19}.Ad-Hoc|iPhone.Deploy.0 = Release|Any CPU
		{4BD6FFE4-1B50-4666-8377-5ACD8DC47C19}.Ad-Hoc|iPhoneSimulator.ActiveCfg = Release|Any CPU
		{4BD6FFE4-1B50-4666-8377-5ACD8DC47C19}.Ad-Hoc|iPhoneSimulator.Build.0 = Release|Any CPU
		{4BD6FFE4-1B50-4666-8377-5ACD8DC47C19}.Ad-Hoc|iPhoneSimulator.Deploy.0 = Release|Any CPU
		{4BD6FFE4-1B50-4666-8377-5ACD8DC47C19}.AppStore|Any CPU.ActiveCfg = Release|Any CPU
		{4BD6FFE4-1B50-4666-8377-5ACD8DC47C19}.AppStore|Any CPU.Build.0 = Release|Any CPU
		{4BD6FFE4-1B50-4666-8377-5ACD8DC47C19}.AppStore|Any CPU.Deploy.0 = Release|Any CPU
		{4BD6FFE4-1B50-4666-8377-5ACD8DC47C19}.AppStore|iPhone.ActiveCfg = Release|Any CPU
		{4BD6FFE4-1B50-4666-8377-5ACD8DC47C19}.AppStore|iPhone.Build.0 = Release|Any CPU
		{4BD6FFE4-1B50-4666-8377-5ACD8DC47C19}.AppStore|iPhone.Deploy.0 = Release|Any CPU
		{4BD6FFE4-1B50-4666-8377-5ACD8DC47C19}.AppStore|iPhoneSimulator.ActiveCfg = Release|Any CPU
		{4BD6FFE4-1B50-4666-8377-5ACD8DC47C19}.AppStore|iPhoneSimulator.Build.0 = Release|Any CPU
		{4BD6FFE4-1B50-4666-8377-5ACD8DC47C19}.AppStore|iPhoneSimulator.Deploy.0 = Release|Any CPU
		{4BD6FFE4-1B50-4666-8377-5ACD8DC47C19}.Debug|Any CPU.ActiveCfg = Debug|Any CPU
		{4BD6FFE4-1B50-4666-8377-5ACD8DC47C19}.Debug|Any CPU.Build.0 = Debug|Any CPU
		{4BD6FFE4-1B50-4666-8377-5ACD8DC47C19}.Debug|Any CPU.Deploy.0 = Debug|Any CPU
		{4BD6FFE4-1B50-4666-8377-5ACD8DC47C19}.Debug|iPhone.ActiveCfg = Debug|Any CPU
		{4BD6FFE4-1B50-4666-8377-5ACD8DC47C19}.Debug|iPhone.Build.0 = Debug|Any CPU
		{4BD6FFE4-1B50-4666-8377-5ACD8DC47C19}.Debug|iPhone.Deploy.0 = Debug|Any CPU
		{4BD6FFE4-1B50-4666-8377-5ACD8DC47C19}.Debug|iPhoneSimulator.ActiveCfg = Debug|Any CPU
		{4BD6FFE4-1B50-4666-8377-5ACD8DC47C19}.Debug|iPhoneSimulator.Build.0 = Debug|Any CPU
		{4BD6FFE4-1B50-4666-8377-5ACD8DC47C19}.Debug|iPhoneSimulator.Deploy.0 = Debug|Any CPU
		{4BD6FFE4-1B50-4666-8377-5ACD8DC47C19}.Release|Any CPU.ActiveCfg = Release|Any CPU
		{4BD6FFE4-1B50-4666-8377-5ACD8DC47C19}.Release|Any CPU.Build.0 = Release|Any CPU
		{4BD6FFE4-1B50-4666-8377-5ACD8DC47C19}.Release|Any CPU.Deploy.0 = Release|Any CPU
		{4BD6FFE4-1B50-4666-8377-5ACD8DC47C19}.Release|iPhone.ActiveCfg = Release|Any CPU
		{4BD6FFE4-1B50-4666-8377-5ACD8DC47C19}.Release|iPhone.Build.0 = Release|Any CPU
		{4BD6FFE4-1B50-4666-8377-5ACD8DC47C19}.Release|iPhone.Deploy.0 = Release|Any CPU
		{4BD6FFE4-1B50-4666-8377-5ACD8DC47C19}.Release|iPhoneSimulator.ActiveCfg = Release|Any CPU
		{4BD6FFE4-1B50-4666-8377-5ACD8DC47C19}.Release|iPhoneSimulator.Build.0 = Release|Any CPU
		{4BD6FFE4-1B50-4666-8377-5ACD8DC47C19}.Release|iPhoneSimulator.Deploy.0 = Release|Any CPU
		{01D094C0-6680-4377-83DF-2A76DD064A7B}.Ad-Hoc|Any CPU.ActiveCfg = Ad-Hoc|iPhone
		{01D094C0-6680-4377-83DF-2A76DD064A7B}.Ad-Hoc|Any CPU.Build.0 = Ad-Hoc|iPhone
		{01D094C0-6680-4377-83DF-2A76DD064A7B}.Ad-Hoc|Any CPU.Deploy.0 = Ad-Hoc|iPhone
		{01D094C0-6680-4377-83DF-2A76DD064A7B}.Ad-Hoc|iPhone.ActiveCfg = Ad-Hoc|iPhone
		{01D094C0-6680-4377-83DF-2A76DD064A7B}.Ad-Hoc|iPhone.Build.0 = Ad-Hoc|iPhone
		{01D094C0-6680-4377-83DF-2A76DD064A7B}.Ad-Hoc|iPhone.Deploy.0 = Ad-Hoc|iPhone
		{01D094C0-6680-4377-83DF-2A76DD064A7B}.Ad-Hoc|iPhoneSimulator.ActiveCfg = Ad-Hoc|iPhoneSimulator
		{01D094C0-6680-4377-83DF-2A76DD064A7B}.Ad-Hoc|iPhoneSimulator.Build.0 = Ad-Hoc|iPhoneSimulator
		{01D094C0-6680-4377-83DF-2A76DD064A7B}.Ad-Hoc|iPhoneSimulator.Deploy.0 = Ad-Hoc|iPhoneSimulator
		{01D094C0-6680-4377-83DF-2A76DD064A7B}.AppStore|Any CPU.ActiveCfg = AppStore|iPhone
		{01D094C0-6680-4377-83DF-2A76DD064A7B}.AppStore|Any CPU.Build.0 = AppStore|iPhone
		{01D094C0-6680-4377-83DF-2A76DD064A7B}.AppStore|Any CPU.Deploy.0 = AppStore|iPhone
		{01D094C0-6680-4377-83DF-2A76DD064A7B}.AppStore|iPhone.ActiveCfg = AppStore|iPhone
		{01D094C0-6680-4377-83DF-2A76DD064A7B}.AppStore|iPhone.Build.0 = AppStore|iPhone
		{01D094C0-6680-4377-83DF-2A76DD064A7B}.AppStore|iPhone.Deploy.0 = AppStore|iPhone
		{01D094C0-6680-4377-83DF-2A76DD064A7B}.AppStore|iPhoneSimulator.ActiveCfg = AppStore|iPhoneSimulator
		{01D094C0-6680-4377-83DF-2A76DD064A7B}.AppStore|iPhoneSimulator.Build.0 = AppStore|iPhoneSimulator
		{01D094C0-6680-4377-83DF-2A76DD064A7B}.AppStore|iPhoneSimulator.Deploy.0 = AppStore|iPhoneSimulator
		{01D094C0-6680-4377-83DF-2A76DD064A7B}.Debug|Any CPU.ActiveCfg = Debug|iPhoneSimulator
		{01D094C0-6680-4377-83DF-2A76DD064A7B}.Debug|Any CPU.Build.0 = Debug|iPhoneSimulator
		{01D094C0-6680-4377-83DF-2A76DD064A7B}.Debug|Any CPU.Deploy.0 = Debug|iPhoneSimulator
		{01D094C0-6680-4377-83DF-2A76DD064A7B}.Debug|iPhone.ActiveCfg = Debug|iPhone
		{01D094C0-6680-4377-83DF-2A76DD064A7B}.Debug|iPhone.Build.0 = Debug|iPhone
		{01D094C0-6680-4377-83DF-2A76DD064A7B}.Debug|iPhone.Deploy.0 = Debug|iPhone
		{01D094C0-6680-4377-83DF-2A76DD064A7B}.Debug|iPhoneSimulator.ActiveCfg = Debug|iPhoneSimulator
		{01D094C0-6680-4377-83DF-2A76DD064A7B}.Debug|iPhoneSimulator.Build.0 = Debug|iPhoneSimulator
		{01D094C0-6680-4377-83DF-2A76DD064A7B}.Debug|iPhoneSimulator.Deploy.0 = Debug|iPhoneSimulator
		{01D094C0-6680-4377-83DF-2A76DD064A7B}.Release|Any CPU.ActiveCfg = Release|iPhone
		{01D094C0-6680-4377-83DF-2A76DD064A7B}.Release|Any CPU.Build.0 = Release|iPhone
		{01D094C0-6680-4377-83DF-2A76DD064A7B}.Release|Any CPU.Deploy.0 = Release|iPhone
		{01D094C0-6680-4377-83DF-2A76DD064A7B}.Release|iPhone.ActiveCfg = Release|iPhone
		{01D094C0-6680-4377-83DF-2A76DD064A7B}.Release|iPhone.Build.0 = Release|iPhone
		{01D094C0-6680-4377-83DF-2A76DD064A7B}.Release|iPhone.Deploy.0 = Release|iPhone
		{01D094C0-6680-4377-83DF-2A76DD064A7B}.Release|iPhoneSimulator.ActiveCfg = Release|iPhoneSimulator
		{01D094C0-6680-4377-83DF-2A76DD064A7B}.Release|iPhoneSimulator.Build.0 = Release|iPhoneSimulator
		{01D094C0-6680-4377-83DF-2A76DD064A7B}.Release|iPhoneSimulator.Deploy.0 = Release|iPhoneSimulator
		{479363E2-2C43-44F4-AFF2-BA1F6BB8B68E}.Ad-Hoc|Any CPU.ActiveCfg = Debug|Any CPU
		{479363E2-2C43-44F4-AFF2-BA1F6BB8B68E}.Ad-Hoc|Any CPU.Build.0 = Debug|Any CPU
		{479363E2-2C43-44F4-AFF2-BA1F6BB8B68E}.Ad-Hoc|Any CPU.Deploy.0 = Debug|Any CPU
		{479363E2-2C43-44F4-AFF2-BA1F6BB8B68E}.Ad-Hoc|iPhone.ActiveCfg = Debug|Any CPU
		{479363E2-2C43-44F4-AFF2-BA1F6BB8B68E}.Ad-Hoc|iPhone.Build.0 = Debug|Any CPU
		{479363E2-2C43-44F4-AFF2-BA1F6BB8B68E}.Ad-Hoc|iPhone.Deploy.0 = Debug|Any CPU
		{479363E2-2C43-44F4-AFF2-BA1F6BB8B68E}.Ad-Hoc|iPhoneSimulator.ActiveCfg = Debug|Any CPU
		{479363E2-2C43-44F4-AFF2-BA1F6BB8B68E}.Ad-Hoc|iPhoneSimulator.Build.0 = Debug|Any CPU
		{479363E2-2C43-44F4-AFF2-BA1F6BB8B68E}.Ad-Hoc|iPhoneSimulator.Deploy.0 = Debug|Any CPU
		{479363E2-2C43-44F4-AFF2-BA1F6BB8B68E}.AppStore|Any CPU.ActiveCfg = Debug|Any CPU
		{479363E2-2C43-44F4-AFF2-BA1F6BB8B68E}.AppStore|Any CPU.Build.0 = Debug|Any CPU
		{479363E2-2C43-44F4-AFF2-BA1F6BB8B68E}.AppStore|Any CPU.Deploy.0 = Debug|Any CPU
		{479363E2-2C43-44F4-AFF2-BA1F6BB8B68E}.AppStore|iPhone.ActiveCfg = Debug|Any CPU
		{479363E2-2C43-44F4-AFF2-BA1F6BB8B68E}.AppStore|iPhone.Build.0 = Debug|Any CPU
		{479363E2-2C43-44F4-AFF2-BA1F6BB8B68E}.AppStore|iPhone.Deploy.0 = Debug|Any CPU
		{479363E2-2C43-44F4-AFF2-BA1F6BB8B68E}.AppStore|iPhoneSimulator.ActiveCfg = Debug|Any CPU
		{479363E2-2C43-44F4-AFF2-BA1F6BB8B68E}.AppStore|iPhoneSimulator.Build.0 = Debug|Any CPU
		{479363E2-2C43-44F4-AFF2-BA1F6BB8B68E}.AppStore|iPhoneSimulator.Deploy.0 = Debug|Any CPU
		{479363E2-2C43-44F4-AFF2-BA1F6BB8B68E}.Debug|Any CPU.ActiveCfg = Debug|Any CPU
		{479363E2-2C43-44F4-AFF2-BA1F6BB8B68E}.Debug|Any CPU.Build.0 = Debug|Any CPU
		{479363E2-2C43-44F4-AFF2-BA1F6BB8B68E}.Debug|Any CPU.Deploy.0 = Debug|Any CPU
		{479363E2-2C43-44F4-AFF2-BA1F6BB8B68E}.Debug|iPhone.ActiveCfg = Debug|Any CPU
		{479363E2-2C43-44F4-AFF2-BA1F6BB8B68E}.Debug|iPhone.Build.0 = Debug|Any CPU
		{479363E2-2C43-44F4-AFF2-BA1F6BB8B68E}.Debug|iPhone.Deploy.0 = Debug|Any CPU
		{479363E2-2C43-44F4-AFF2-BA1F6BB8B68E}.Debug|iPhoneSimulator.ActiveCfg = Debug|Any CPU
		{479363E2-2C43-44F4-AFF2-BA1F6BB8B68E}.Debug|iPhoneSimulator.Build.0 = Debug|Any CPU
		{479363E2-2C43-44F4-AFF2-BA1F6BB8B68E}.Debug|iPhoneSimulator.Deploy.0 = Debug|Any CPU
		{479363E2-2C43-44F4-AFF2-BA1F6BB8B68E}.Release|Any CPU.ActiveCfg = Release|Any CPU
		{479363E2-2C43-44F4-AFF2-BA1F6BB8B68E}.Release|Any CPU.Build.0 = Release|Any CPU
		{479363E2-2C43-44F4-AFF2-BA1F6BB8B68E}.Release|Any CPU.Deploy.0 = Release|Any CPU
		{479363E2-2C43-44F4-AFF2-BA1F6BB8B68E}.Release|iPhone.ActiveCfg = Release|Any CPU
		{479363E2-2C43-44F4-AFF2-BA1F6BB8B68E}.Release|iPhone.Build.0 = Release|Any CPU
		{479363E2-2C43-44F4-AFF2-BA1F6BB8B68E}.Release|iPhone.Deploy.0 = Release|Any CPU
		{479363E2-2C43-44F4-AFF2-BA1F6BB8B68E}.Release|iPhoneSimulator.ActiveCfg = Release|Any CPU
		{479363E2-2C43-44F4-AFF2-BA1F6BB8B68E}.Release|iPhoneSimulator.Build.0 = Release|Any CPU
		{479363E2-2C43-44F4-AFF2-BA1F6BB8B68E}.Release|iPhoneSimulator.Deploy.0 = Release|Any CPU
	EndGlobalSection
	GlobalSection(SolutionProperties) = preSolution
		HideSolutionNode = FALSE
	EndGlobalSection
	GlobalSection(ExtensibilityGlobals) = postSolution
		SolutionGuid = {562FA5F5-6FD3-4EE7-90BF-B524A8083FA4}
	EndGlobalSection
EndGlobal
